// !$*UTF8*$!
{
	archiveVersion = 1;
	classes = {
	};
	objectVersion = 46;
	objects = {

/* Begin PBXBuildFile section */
		C6174F2118CE887900D3B06F /* VWWUtilities.m in Sources */ = {isa = PBXBuildFile; fileRef = C6174F2018CE887900D3B06F /* VWWUtilities.m */; };
		C6204E1818CE4289007B8986 /* Foundation.framework in Frameworks */ = {isa = PBXBuildFile; fileRef = C6204E1718CE4289007B8986 /* Foundation.framework */; };
		C6204E1A18CE4289007B8986 /* CoreGraphics.framework in Frameworks */ = {isa = PBXBuildFile; fileRef = C6204E1918CE4289007B8986 /* CoreGraphics.framework */; };
		C6204E1C18CE4289007B8986 /* UIKit.framework in Frameworks */ = {isa = PBXBuildFile; fileRef = C6204E1B18CE4289007B8986 /* UIKit.framework */; };
		C6204E2218CE4289007B8986 /* InfoPlist.strings in Resources */ = {isa = PBXBuildFile; fileRef = C6204E2018CE4289007B8986 /* InfoPlist.strings */; };
		C6204E2418CE4289007B8986 /* main.m in Sources */ = {isa = PBXBuildFile; fileRef = C6204E2318CE4289007B8986 /* main.m */; };
		C6204E2818CE4289007B8986 /* VWWAppDelegate.m in Sources */ = {isa = PBXBuildFile; fileRef = C6204E2718CE4289007B8986 /* VWWAppDelegate.m */; };
		C6204E2B18CE4289007B8986 /* Main.storyboard in Resources */ = {isa = PBXBuildFile; fileRef = C6204E2918CE4289007B8986 /* Main.storyboard */; };
		C6204E3018CE4289007B8986 /* Images.xcassets in Resources */ = {isa = PBXBuildFile; fileRef = C6204E2F18CE4289007B8986 /* Images.xcassets */; };
		C6204E3718CE4289007B8986 /* XCTest.framework in Frameworks */ = {isa = PBXBuildFile; fileRef = C6204E3618CE4289007B8986 /* XCTest.framework */; };
		C6204E3818CE4289007B8986 /* Foundation.framework in Frameworks */ = {isa = PBXBuildFile; fileRef = C6204E1718CE4289007B8986 /* Foundation.framework */; };
		C6204E3918CE4289007B8986 /* UIKit.framework in Frameworks */ = {isa = PBXBuildFile; fileRef = C6204E1B18CE4289007B8986 /* UIKit.framework */; };
		C6204E4118CE4289007B8986 /* InfoPlist.strings in Resources */ = {isa = PBXBuildFile; fileRef = C6204E3F18CE4289007B8986 /* InfoPlist.strings */; };
		C6204E4318CE4289007B8986 /* RC_VideoTests.m in Sources */ = {isa = PBXBuildFile; fileRef = C6204E4218CE4289007B8986 /* RC_VideoTests.m */; };
		C6204E4D18CE4293007B8986 /* AVFoundation.framework in Frameworks */ = {isa = PBXBuildFile; fileRef = C6204E4C18CE4293007B8986 /* AVFoundation.framework */; };
		C6204E4F18CE4299007B8986 /* CoreLocation.framework in Frameworks */ = {isa = PBXBuildFile; fileRef = C6204E4E18CE4299007B8986 /* CoreLocation.framework */; };
		C6204E5F18CE42F9007B8986 /* VWWAddAnimationViewController.m in Sources */ = {isa = PBXBuildFile; fileRef = C6204E5318CE42F9007B8986 /* VWWAddAnimationViewController.m */; };
		C6204E6018CE42F9007B8986 /* VWWAddBorderViewController.m in Sources */ = {isa = PBXBuildFile; fileRef = C6204E5518CE42F9007B8986 /* VWWAddBorderViewController.m */; };
		C6204E6118CE42F9007B8986 /* VWWAddOverlayViewController.m in Sources */ = {isa = PBXBuildFile; fileRef = C6204E5718CE42F9007B8986 /* VWWAddOverlayViewController.m */; };
		C6204E6218CE42F9007B8986 /* VWWAddSubtitleViewController.m in Sources */ = {isa = PBXBuildFile; fileRef = C6204E5918CE42F9007B8986 /* VWWAddSubtitleViewController.m */; };
		C6204E6318CE42F9007B8986 /* VWWAddTiltViewController.m in Sources */ = {isa = PBXBuildFile; fileRef = C6204E5B18CE42F9007B8986 /* VWWAddTiltViewController.m */; };
		C6204E6418CE42F9007B8986 /* VWWCommonVideoViewController.m in Sources */ = {isa = PBXBuildFile; fileRef = C6204E5D18CE42F9007B8986 /* VWWCommonVideoViewController.m */; };
		C6204E6C18CE4370007B8986 /* VWWUserDefaults.m in Sources */ = {isa = PBXBuildFile; fileRef = C6204E6718CE4370007B8986 /* VWWUserDefaults.m */; };
		C6204E6D18CE4370007B8986 /* NSTimer+Blocks.m in Sources */ = {isa = PBXBuildFile; fileRef = C6204E6B18CE4370007B8986 /* NSTimer+Blocks.m */; };
		C6204E7018CE46F2007B8986 /* VWWDefaultTableViewController.m in Sources */ = {isa = PBXBuildFile; fileRef = C6204E6F18CE46F2007B8986 /* VWWDefaultTableViewController.m */; };
		C6204E7418CE4992007B8986 /* VWWCaptureVideoViewController.m in Sources */ = {isa = PBXBuildFile; fileRef = C6204E7318CE4992007B8986 /* VWWCaptureVideoViewController.m */; };
		C695862818CE4F9500835E64 /* MBProgressHUD.m in Sources */ = {isa = PBXBuildFile; fileRef = C695862718CE4F9500835E64 /* MBProgressHUD.m */; };
		C695862C18CE517500835E64 /* VWWMotionController.m in Sources */ = {isa = PBXBuildFile; fileRef = C695862B18CE517500835E64 /* VWWMotionController.m */; };
		C695862F18CE518100835E64 /* VWWLocationController.m in Sources */ = {isa = PBXBuildFile; fileRef = C695862E18CE518100835E64 /* VWWLocationController.m */; };
		C695863318CE530900835E64 /* VWWMotion.m in Sources */ = {isa = PBXBuildFile; fileRef = C695863218CE530900835E64 /* VWWMotion.m */; };
		C695863818CE573600835E64 /* VWWDataLogController.m in Sources */ = {isa = PBXBuildFile; fileRef = C695863718CE573600835E64 /* VWWDataLogController.m */; };
		C695863B18CE5E9900835E64 /* VWWEditVideoTableViewController.m in Sources */ = {isa = PBXBuildFile; fileRef = C695863A18CE5E9900835E64 /* VWWEditVideoTableViewController.m */; };
		C6B78BF118D2503400A8E68A /* RosyWriterVideoProcessor.m in Sources */ = {isa = PBXBuildFile; fileRef = C6B78BF018D2503400A8E68A /* RosyWriterVideoProcessor.m */; settings = {COMPILER_FLAGS = "-fno-objc-arc"; }; };
		C6B78BF518D2559500A8E68A /* RosyWriterPreviewView.m in Sources */ = {isa = PBXBuildFile; fileRef = C6B78BF418D2559500A8E68A /* RosyWriterPreviewView.m */; settings = {COMPILER_FLAGS = "-fno-objc-arc"; }; };
		C6B78BF818D256A300A8E68A /* ShaderUtilities.c in Sources */ = {isa = PBXBuildFile; fileRef = C6B78BF618D256A300A8E68A /* ShaderUtilities.c */; };
		C6B78BFC18D256DD00A8E68A /* passThrough.fsh in Resources */ = {isa = PBXBuildFile; fileRef = C6B78BFA18D256DD00A8E68A /* passThrough.fsh */; };
		C6B78BFD18D256DD00A8E68A /* passThrough.vsh in Resources */ = {isa = PBXBuildFile; fileRef = C6B78BFB18D256DD00A8E68A /* passThrough.vsh */; };
		C6B78C0218D26B0400A8E68A /* RosyWriterViewController.m in Sources */ = {isa = PBXBuildFile; fileRef = C6B78C0118D26B0400A8E68A /* RosyWriterViewController.m */; settings = {COMPILER_FLAGS = "-fno-objc-arc"; }; };
		CFEF645118CEB93E000EDB82 /* VWWFileController.m in Sources */ = {isa = PBXBuildFile; fileRef = CFEF645018CEB93E000EDB82 /* VWWFileController.m */; };
/* End PBXBuildFile section */

/* Begin PBXContainerItemProxy section */
		C6204E3A18CE4289007B8986 /* PBXContainerItemProxy */ = {
			isa = PBXContainerItemProxy;
			containerPortal = C6204E0C18CE4289007B8986 /* Project object */;
			proxyType = 1;
			remoteGlobalIDString = C6204E1318CE4289007B8986;
			remoteInfo = "RC Video";
		};
/* End PBXContainerItemProxy section */

/* Begin PBXFileReference section */
		C6174F1F18CE887900D3B06F /* VWWUtilities.h */ = {isa = PBXFileReference; fileEncoding = 4; lastKnownFileType = sourcecode.c.h; path = VWWUtilities.h; sourceTree = "<group>"; };
		C6174F2018CE887900D3B06F /* VWWUtilities.m */ = {isa = PBXFileReference; fileEncoding = 4; lastKnownFileType = sourcecode.c.objc; path = VWWUtilities.m; sourceTree = "<group>"; };
		C6174F2218CE889F00D3B06F /* VWWDefines.h */ = {isa = PBXFileReference; fileEncoding = 4; lastKnownFileType = sourcecode.c.h; path = VWWDefines.h; sourceTree = "<group>"; };
		C6174F2318CE8A2600D3B06F /* VWWTypes.h */ = {isa = PBXFileReference; lastKnownFileType = sourcecode.c.h; path = VWWTypes.h; sourceTree = "<group>"; };
		C6204E1418CE4289007B8986 /* RC Video.app */ = {isa = PBXFileReference; explicitFileType = wrapper.application; includeInIndex = 0; path = "RC Video.app"; sourceTree = BUILT_PRODUCTS_DIR; };
		C6204E1718CE4289007B8986 /* Foundation.framework */ = {isa = PBXFileReference; lastKnownFileType = wrapper.framework; name = Foundation.framework; path = System/Library/Frameworks/Foundation.framework; sourceTree = SDKROOT; };
		C6204E1918CE4289007B8986 /* CoreGraphics.framework */ = {isa = PBXFileReference; lastKnownFileType = wrapper.framework; name = CoreGraphics.framework; path = System/Library/Frameworks/CoreGraphics.framework; sourceTree = SDKROOT; };
		C6204E1B18CE4289007B8986 /* UIKit.framework */ = {isa = PBXFileReference; lastKnownFileType = wrapper.framework; name = UIKit.framework; path = System/Library/Frameworks/UIKit.framework; sourceTree = SDKROOT; };
		C6204E1F18CE4289007B8986 /* RC Video-Info.plist */ = {isa = PBXFileReference; lastKnownFileType = text.plist.xml; path = "RC Video-Info.plist"; sourceTree = "<group>"; };
		C6204E2118CE4289007B8986 /* en */ = {isa = PBXFileReference; lastKnownFileType = text.plist.strings; name = en; path = en.lproj/InfoPlist.strings; sourceTree = "<group>"; };
		C6204E2318CE4289007B8986 /* main.m */ = {isa = PBXFileReference; lastKnownFileType = sourcecode.c.objc; path = main.m; sourceTree = "<group>"; };
		C6204E2518CE4289007B8986 /* RC Video-Prefix.pch */ = {isa = PBXFileReference; lastKnownFileType = sourcecode.c.h; path = "RC Video-Prefix.pch"; sourceTree = "<group>"; };
		C6204E2618CE4289007B8986 /* VWWAppDelegate.h */ = {isa = PBXFileReference; lastKnownFileType = sourcecode.c.h; path = VWWAppDelegate.h; sourceTree = "<group>"; };
		C6204E2718CE4289007B8986 /* VWWAppDelegate.m */ = {isa = PBXFileReference; lastKnownFileType = sourcecode.c.objc; path = VWWAppDelegate.m; sourceTree = "<group>"; };
		C6204E2A18CE4289007B8986 /* Base */ = {isa = PBXFileReference; lastKnownFileType = file.storyboard; name = Base; path = Base.lproj/Main.storyboard; sourceTree = "<group>"; };
		C6204E2F18CE4289007B8986 /* Images.xcassets */ = {isa = PBXFileReference; lastKnownFileType = folder.assetcatalog; path = Images.xcassets; sourceTree = "<group>"; };
		C6204E3518CE4289007B8986 /* RC VideoTests.xctest */ = {isa = PBXFileReference; explicitFileType = wrapper.cfbundle; includeInIndex = 0; path = "RC VideoTests.xctest"; sourceTree = BUILT_PRODUCTS_DIR; };
		C6204E3618CE4289007B8986 /* XCTest.framework */ = {isa = PBXFileReference; lastKnownFileType = wrapper.framework; name = XCTest.framework; path = Library/Frameworks/XCTest.framework; sourceTree = DEVELOPER_DIR; };
		C6204E3E18CE4289007B8986 /* RC VideoTests-Info.plist */ = {isa = PBXFileReference; lastKnownFileType = text.plist.xml; path = "RC VideoTests-Info.plist"; sourceTree = "<group>"; };
		C6204E4018CE4289007B8986 /* en */ = {isa = PBXFileReference; lastKnownFileType = text.plist.strings; name = en; path = en.lproj/InfoPlist.strings; sourceTree = "<group>"; };
		C6204E4218CE4289007B8986 /* RC_VideoTests.m */ = {isa = PBXFileReference; lastKnownFileType = sourcecode.c.objc; path = RC_VideoTests.m; sourceTree = "<group>"; };
		C6204E4C18CE4293007B8986 /* AVFoundation.framework */ = {isa = PBXFileReference; lastKnownFileType = wrapper.framework; name = AVFoundation.framework; path = System/Library/Frameworks/AVFoundation.framework; sourceTree = SDKROOT; };
		C6204E4E18CE4299007B8986 /* CoreLocation.framework */ = {isa = PBXFileReference; lastKnownFileType = wrapper.framework; name = CoreLocation.framework; path = System/Library/Frameworks/CoreLocation.framework; sourceTree = SDKROOT; };
		C6204E5218CE42F9007B8986 /* VWWAddAnimationViewController.h */ = {isa = PBXFileReference; fileEncoding = 4; lastKnownFileType = sourcecode.c.h; path = VWWAddAnimationViewController.h; sourceTree = "<group>"; };
		C6204E5318CE42F9007B8986 /* VWWAddAnimationViewController.m */ = {isa = PBXFileReference; fileEncoding = 4; lastKnownFileType = sourcecode.c.objc; path = VWWAddAnimationViewController.m; sourceTree = "<group>"; };
		C6204E5418CE42F9007B8986 /* VWWAddBorderViewController.h */ = {isa = PBXFileReference; fileEncoding = 4; lastKnownFileType = sourcecode.c.h; path = VWWAddBorderViewController.h; sourceTree = "<group>"; };
		C6204E5518CE42F9007B8986 /* VWWAddBorderViewController.m */ = {isa = PBXFileReference; fileEncoding = 4; lastKnownFileType = sourcecode.c.objc; path = VWWAddBorderViewController.m; sourceTree = "<group>"; };
		C6204E5618CE42F9007B8986 /* VWWAddOverlayViewController.h */ = {isa = PBXFileReference; fileEncoding = 4; lastKnownFileType = sourcecode.c.h; path = VWWAddOverlayViewController.h; sourceTree = "<group>"; };
		C6204E5718CE42F9007B8986 /* VWWAddOverlayViewController.m */ = {isa = PBXFileReference; fileEncoding = 4; lastKnownFileType = sourcecode.c.objc; path = VWWAddOverlayViewController.m; sourceTree = "<group>"; };
		C6204E5818CE42F9007B8986 /* VWWAddSubtitleViewController.h */ = {isa = PBXFileReference; fileEncoding = 4; lastKnownFileType = sourcecode.c.h; path = VWWAddSubtitleViewController.h; sourceTree = "<group>"; };
		C6204E5918CE42F9007B8986 /* VWWAddSubtitleViewController.m */ = {isa = PBXFileReference; fileEncoding = 4; lastKnownFileType = sourcecode.c.objc; path = VWWAddSubtitleViewController.m; sourceTree = "<group>"; };
		C6204E5A18CE42F9007B8986 /* VWWAddTiltViewController.h */ = {isa = PBXFileReference; fileEncoding = 4; lastKnownFileType = sourcecode.c.h; path = VWWAddTiltViewController.h; sourceTree = "<group>"; };
		C6204E5B18CE42F9007B8986 /* VWWAddTiltViewController.m */ = {isa = PBXFileReference; fileEncoding = 4; lastKnownFileType = sourcecode.c.objc; path = VWWAddTiltViewController.m; sourceTree = "<group>"; };
		C6204E5C18CE42F9007B8986 /* VWWCommonVideoViewController.h */ = {isa = PBXFileReference; fileEncoding = 4; lastKnownFileType = sourcecode.c.h; path = VWWCommonVideoViewController.h; sourceTree = "<group>"; };
		C6204E5D18CE42F9007B8986 /* VWWCommonVideoViewController.m */ = {isa = PBXFileReference; fileEncoding = 4; lastKnownFileType = sourcecode.c.objc; path = VWWCommonVideoViewController.m; sourceTree = "<group>"; };
		C6204E6618CE4370007B8986 /* VWWUserDefaults.h */ = {isa = PBXFileReference; fileEncoding = 4; lastKnownFileType = sourcecode.c.h; path = VWWUserDefaults.h; sourceTree = "<group>"; };
		C6204E6718CE4370007B8986 /* VWWUserDefaults.m */ = {isa = PBXFileReference; fileEncoding = 4; lastKnownFileType = sourcecode.c.objc; path = VWWUserDefaults.m; sourceTree = "<group>"; };
		C6204E6A18CE4370007B8986 /* NSTimer+Blocks.h */ = {isa = PBXFileReference; fileEncoding = 4; lastKnownFileType = sourcecode.c.h; path = "NSTimer+Blocks.h"; sourceTree = "<group>"; };
		C6204E6B18CE4370007B8986 /* NSTimer+Blocks.m */ = {isa = PBXFileReference; fileEncoding = 4; lastKnownFileType = sourcecode.c.objc; path = "NSTimer+Blocks.m"; sourceTree = "<group>"; };
		C6204E6E18CE46F2007B8986 /* VWWDefaultTableViewController.h */ = {isa = PBXFileReference; fileEncoding = 4; lastKnownFileType = sourcecode.c.h; path = VWWDefaultTableViewController.h; sourceTree = "<group>"; };
		C6204E6F18CE46F2007B8986 /* VWWDefaultTableViewController.m */ = {isa = PBXFileReference; fileEncoding = 4; lastKnownFileType = sourcecode.c.objc; path = VWWDefaultTableViewController.m; sourceTree = "<group>"; };
		C6204E7218CE4992007B8986 /* VWWCaptureVideoViewController.h */ = {isa = PBXFileReference; fileEncoding = 4; lastKnownFileType = sourcecode.c.h; path = VWWCaptureVideoViewController.h; sourceTree = "<group>"; };
		C6204E7318CE4992007B8986 /* VWWCaptureVideoViewController.m */ = {isa = PBXFileReference; fileEncoding = 4; lastKnownFileType = sourcecode.c.objc; path = VWWCaptureVideoViewController.m; sourceTree = "<group>"; };
		C695862618CE4F9500835E64 /* MBProgressHUD.h */ = {isa = PBXFileReference; fileEncoding = 4; lastKnownFileType = sourcecode.c.h; path = MBProgressHUD.h; sourceTree = "<group>"; };
		C695862718CE4F9500835E64 /* MBProgressHUD.m */ = {isa = PBXFileReference; fileEncoding = 4; lastKnownFileType = sourcecode.c.objc; path = MBProgressHUD.m; sourceTree = "<group>"; };
		C695862A18CE517500835E64 /* VWWMotionController.h */ = {isa = PBXFileReference; fileEncoding = 4; lastKnownFileType = sourcecode.c.h; path = VWWMotionController.h; sourceTree = "<group>"; };
		C695862B18CE517500835E64 /* VWWMotionController.m */ = {isa = PBXFileReference; fileEncoding = 4; lastKnownFileType = sourcecode.c.objc; path = VWWMotionController.m; sourceTree = "<group>"; };
		C695862D18CE518100835E64 /* VWWLocationController.h */ = {isa = PBXFileReference; fileEncoding = 4; lastKnownFileType = sourcecode.c.h; path = VWWLocationController.h; sourceTree = "<group>"; };
		C695862E18CE518100835E64 /* VWWLocationController.m */ = {isa = PBXFileReference; fileEncoding = 4; lastKnownFileType = sourcecode.c.objc; path = VWWLocationController.m; sourceTree = "<group>"; };
		C695863118CE530900835E64 /* VWWMotion.h */ = {isa = PBXFileReference; fileEncoding = 4; lastKnownFileType = sourcecode.c.h; path = VWWMotion.h; sourceTree = "<group>"; };
		C695863218CE530900835E64 /* VWWMotion.m */ = {isa = PBXFileReference; fileEncoding = 4; lastKnownFileType = sourcecode.c.objc; path = VWWMotion.m; sourceTree = "<group>"; };
		C695863418CE534700835E64 /* VWWModelProtocol.h */ = {isa = PBXFileReference; fileEncoding = 4; lastKnownFileType = sourcecode.c.h; path = VWWModelProtocol.h; sourceTree = "<group>"; };
		C695863518CE53E700835E64 /* VWWBlocks.h */ = {isa = PBXFileReference; fileEncoding = 4; lastKnownFileType = sourcecode.c.h; path = VWWBlocks.h; sourceTree = "<group>"; };
		C695863618CE573600835E64 /* VWWDataLogController.h */ = {isa = PBXFileReference; fileEncoding = 4; lastKnownFileType = sourcecode.c.h; path = VWWDataLogController.h; sourceTree = "<group>"; };
		C695863718CE573600835E64 /* VWWDataLogController.m */ = {isa = PBXFileReference; fileEncoding = 4; lastKnownFileType = sourcecode.c.objc; path = VWWDataLogController.m; sourceTree = "<group>"; };
		C695863918CE5E9900835E64 /* VWWEditVideoTableViewController.h */ = {isa = PBXFileReference; fileEncoding = 4; lastKnownFileType = sourcecode.c.h; path = VWWEditVideoTableViewController.h; sourceTree = "<group>"; };
		C695863A18CE5E9900835E64 /* VWWEditVideoTableViewController.m */ = {isa = PBXFileReference; fileEncoding = 4; lastKnownFileType = sourcecode.c.objc; path = VWWEditVideoTableViewController.m; sourceTree = "<group>"; };
		C6B78BEF18D2503400A8E68A /* RosyWriterVideoProcessor.h */ = {isa = PBXFileReference; fileEncoding = 4; lastKnownFileType = sourcecode.c.h; path = RosyWriterVideoProcessor.h; sourceTree = "<group>"; };
		C6B78BF018D2503400A8E68A /* RosyWriterVideoProcessor.m */ = {isa = PBXFileReference; fileEncoding = 4; lastKnownFileType = sourcecode.c.objc; path = RosyWriterVideoProcessor.m; sourceTree = "<group>"; };
		C6B78BF318D2559500A8E68A /* RosyWriterPreviewView.h */ = {isa = PBXFileReference; fileEncoding = 4; lastKnownFileType = sourcecode.c.h; path = RosyWriterPreviewView.h; sourceTree = "<group>"; };
		C6B78BF418D2559500A8E68A /* RosyWriterPreviewView.m */ = {isa = PBXFileReference; fileEncoding = 4; lastKnownFileType = sourcecode.c.objc; path = RosyWriterPreviewView.m; sourceTree = "<group>"; };
		C6B78BF618D256A300A8E68A /* ShaderUtilities.c */ = {isa = PBXFileReference; fileEncoding = 4; lastKnownFileType = sourcecode.c.c; path = ShaderUtilities.c; sourceTree = "<group>"; };
		C6B78BF718D256A300A8E68A /* ShaderUtilities.h */ = {isa = PBXFileReference; fileEncoding = 4; lastKnownFileType = sourcecode.c.h; path = ShaderUtilities.h; sourceTree = "<group>"; };
		C6B78BFA18D256DD00A8E68A /* passThrough.fsh */ = {isa = PBXFileReference; fileEncoding = 4; lastKnownFileType = sourcecode.glsl; path = passThrough.fsh; sourceTree = "<group>"; };
		C6B78BFB18D256DD00A8E68A /* passThrough.vsh */ = {isa = PBXFileReference; fileEncoding = 4; lastKnownFileType = sourcecode.glsl; path = passThrough.vsh; sourceTree = "<group>"; };
		C6B78BFE18D2598F00A8E68A /* VWWCaptureVideoViewController.m.old.m */ = {isa = PBXFileReference; lastKnownFileType = sourcecode.c.objc; path = VWWCaptureVideoViewController.m.old.m; sourceTree = "<group>"; };
		C6B78BFF18D2598F00A8E68A /* VWWCaptureVideoViewController.h.old.h */ = {isa = PBXFileReference; lastKnownFileType = sourcecode.c.h; path = VWWCaptureVideoViewController.h.old.h; sourceTree = "<group>"; };
		C6B78C0018D26B0400A8E68A /* RosyWriterViewController.h */ = {isa = PBXFileReference; fileEncoding = 4; lastKnownFileType = sourcecode.c.h; path = RosyWriterViewController.h; sourceTree = "<group>"; };
		C6B78C0118D26B0400A8E68A /* RosyWriterViewController.m */ = {isa = PBXFileReference; fileEncoding = 4; lastKnownFileType = sourcecode.c.objc; path = RosyWriterViewController.m; sourceTree = "<group>"; };
		CFEF644F18CEB93E000EDB82 /* VWWFileController.h */ = {isa = PBXFileReference; fileEncoding = 4; lastKnownFileType = sourcecode.c.h; path = VWWFileController.h; sourceTree = "<group>"; };
		CFEF645018CEB93E000EDB82 /* VWWFileController.m */ = {isa = PBXFileReference; fileEncoding = 4; lastKnownFileType = sourcecode.c.objc; path = VWWFileController.m; sourceTree = "<group>"; };
/* End PBXFileReference section */

/* Begin PBXFrameworksBuildPhase section */
		C6204E1118CE4289007B8986 /* Frameworks */ = {
			isa = PBXFrameworksBuildPhase;
			buildActionMask = 2147483647;
			files = (
				C6204E4F18CE4299007B8986 /* CoreLocation.framework in Frameworks */,
				C6204E4D18CE4293007B8986 /* AVFoundation.framework in Frameworks */,
				C6204E1A18CE4289007B8986 /* CoreGraphics.framework in Frameworks */,
				C6204E1C18CE4289007B8986 /* UIKit.framework in Frameworks */,
				C6204E1818CE4289007B8986 /* Foundation.framework in Frameworks */,
			);
			runOnlyForDeploymentPostprocessing = 0;
		};
		C6204E3218CE4289007B8986 /* Frameworks */ = {
			isa = PBXFrameworksBuildPhase;
			buildActionMask = 2147483647;
			files = (
				C6204E3718CE4289007B8986 /* XCTest.framework in Frameworks */,
				C6204E3918CE4289007B8986 /* UIKit.framework in Frameworks */,
				C6204E3818CE4289007B8986 /* Foundation.framework in Frameworks */,
			);
			runOnlyForDeploymentPostprocessing = 0;
		};
/* End PBXFrameworksBuildPhase section */

/* Begin PBXGroup section */
		C6174F1E18CE831300D3B06F /* Default */ = {
			isa = PBXGroup;
			children = (
				C6204E6E18CE46F2007B8986 /* VWWDefaultTableViewController.h */,
				C6204E6F18CE46F2007B8986 /* VWWDefaultTableViewController.m */,
			);
			name = Default;
			sourceTree = "<group>";
		};
		C6204E0B18CE4289007B8986 = {
			isa = PBXGroup;
			children = (
				C6204E1D18CE4289007B8986 /* RC Video */,
				C6204E3C18CE4289007B8986 /* RC VideoTests */,
				C6204E1618CE4289007B8986 /* Frameworks */,
				C6204E1518CE4289007B8986 /* Products */,
			);
			sourceTree = "<group>";
		};
		C6204E1518CE4289007B8986 /* Products */ = {
			isa = PBXGroup;
			children = (
				C6204E1418CE4289007B8986 /* RC Video.app */,
				C6204E3518CE4289007B8986 /* RC VideoTests.xctest */,
			);
			name = Products;
			sourceTree = "<group>";
		};
		C6204E1618CE4289007B8986 /* Frameworks */ = {
			isa = PBXGroup;
			children = (
				C6204E4E18CE4299007B8986 /* CoreLocation.framework */,
				C6204E4C18CE4293007B8986 /* AVFoundation.framework */,
				C6204E1718CE4289007B8986 /* Foundation.framework */,
				C6204E1918CE4289007B8986 /* CoreGraphics.framework */,
				C6204E1B18CE4289007B8986 /* UIKit.framework */,
				C6204E3618CE4289007B8986 /* XCTest.framework */,
			);
			name = Frameworks;
			sourceTree = "<group>";
		};
		C6204E1D18CE4289007B8986 /* RC Video */ = {
			isa = PBXGroup;
			children = (
				C6204E6918CE4370007B8986 /* Categories */,
				C6204E5018CE42F9007B8986 /* Controllers */,
				C6204E2F18CE4289007B8986 /* Images.xcassets */,
				C695862218CE4E9500835E64 /* Include */,
				C695863018CE530900835E64 /* Model */,
				C6B78BF918D256DD00A8E68A /* Shaders */,
				C6204E1E18CE4289007B8986 /* Supporting Files */,
				C695862418CE4F9500835E64 /* ThirdParty */,
				C6204E7618CE49D3007B8986 /* UserInterface */,
				C6204E6518CE4370007B8986 /* Utilities */,
				C6B78BF218D2559500A8E68A /* View */,
			);
			path = "RC Video";
			sourceTree = "<group>";
		};
		C6204E1E18CE4289007B8986 /* Supporting Files */ = {
			isa = PBXGroup;
			children = (
				C6204E2618CE4289007B8986 /* VWWAppDelegate.h */,
				C6204E2718CE4289007B8986 /* VWWAppDelegate.m */,
				C6204E1F18CE4289007B8986 /* RC Video-Info.plist */,
				C6204E2018CE4289007B8986 /* InfoPlist.strings */,
				C6204E2318CE4289007B8986 /* main.m */,
				C6204E2518CE4289007B8986 /* RC Video-Prefix.pch */,
			);
			name = "Supporting Files";
			sourceTree = "<group>";
		};
		C6204E3C18CE4289007B8986 /* RC VideoTests */ = {
			isa = PBXGroup;
			children = (
				C6204E4218CE4289007B8986 /* RC_VideoTests.m */,
				C6204E3D18CE4289007B8986 /* Supporting Files */,
			);
			path = "RC VideoTests";
			sourceTree = "<group>";
		};
		C6204E3D18CE4289007B8986 /* Supporting Files */ = {
			isa = PBXGroup;
			children = (
				C6204E3E18CE4289007B8986 /* RC VideoTests-Info.plist */,
				C6204E3F18CE4289007B8986 /* InfoPlist.strings */,
			);
			name = "Supporting Files";
			sourceTree = "<group>";
		};
		C6204E5018CE42F9007B8986 /* Controllers */ = {
			isa = PBXGroup;
			children = (
				C6204E5118CE42F9007B8986 /* GUI */,
				C6204E5E18CE42F9007B8986 /* NonGUI */,
			);
			path = Controllers;
			sourceTree = "<group>";
		};
		C6204E5118CE42F9007B8986 /* GUI */ = {
			isa = PBXGroup;
			children = (
				C6204E7518CE4997007B8986 /* Capture */,
				C6174F1E18CE831300D3B06F /* Default */,
				C6204E7118CE47EB007B8986 /* Render */,
			);
			path = GUI;
			sourceTree = "<group>";
		};
		C6204E5E18CE42F9007B8986 /* NonGUI */ = {
			isa = PBXGroup;
			children = (
				C6B78BEE18D2502900A8E68A /* Video */,
				CFEF644E18CEB920000EDB82 /* Files */,
				CFEF644D18CEB90F000EDB82 /* SensorData */,
			);
			path = NonGUI;
			sourceTree = "<group>";
		};
		C6204E6518CE4370007B8986 /* Utilities */ = {
			isa = PBXGroup;
			children = (
				C6B78BF618D256A300A8E68A /* ShaderUtilities.c */,
				C6B78BF718D256A300A8E68A /* ShaderUtilities.h */,
				C6204E6618CE4370007B8986 /* VWWUserDefaults.h */,
				C6204E6718CE4370007B8986 /* VWWUserDefaults.m */,
				C6174F1F18CE887900D3B06F /* VWWUtilities.h */,
				C6174F2018CE887900D3B06F /* VWWUtilities.m */,
			);
			path = Utilities;
			sourceTree = "<group>";
		};
		C6204E6918CE4370007B8986 /* Categories */ = {
			isa = PBXGroup;
			children = (
				C6204E6A18CE4370007B8986 /* NSTimer+Blocks.h */,
				C6204E6B18CE4370007B8986 /* NSTimer+Blocks.m */,
			);
			path = Categories;
			sourceTree = "<group>";
		};
		C6204E7118CE47EB007B8986 /* Render */ = {
			isa = PBXGroup;
			children = (
				C695863918CE5E9900835E64 /* VWWEditVideoTableViewController.h */,
				C695863A18CE5E9900835E64 /* VWWEditVideoTableViewController.m */,
				C695862918CE514300835E64 /* Base */,
				C6204E5218CE42F9007B8986 /* VWWAddAnimationViewController.h */,
				C6204E5318CE42F9007B8986 /* VWWAddAnimationViewController.m */,
				C6204E5418CE42F9007B8986 /* VWWAddBorderViewController.h */,
				C6204E5518CE42F9007B8986 /* VWWAddBorderViewController.m */,
				C6204E5618CE42F9007B8986 /* VWWAddOverlayViewController.h */,
				C6204E5718CE42F9007B8986 /* VWWAddOverlayViewController.m */,
				C6204E5818CE42F9007B8986 /* VWWAddSubtitleViewController.h */,
				C6204E5918CE42F9007B8986 /* VWWAddSubtitleViewController.m */,
				C6204E5A18CE42F9007B8986 /* VWWAddTiltViewController.h */,
				C6204E5B18CE42F9007B8986 /* VWWAddTiltViewController.m */,
			);
			name = Render;
			sourceTree = "<group>";
		};
		C6204E7518CE4997007B8986 /* Capture */ = {
			isa = PBXGroup;
			children = (
				C6B78BFE18D2598F00A8E68A /* VWWCaptureVideoViewController.m.old.m */,
				C6B78BFF18D2598F00A8E68A /* VWWCaptureVideoViewController.h.old.h */,
				C6204E7218CE4992007B8986 /* VWWCaptureVideoViewController.h */,
				C6204E7318CE4992007B8986 /* VWWCaptureVideoViewController.m */,
				C6B78C0018D26B0400A8E68A /* RosyWriterViewController.h */,
				C6B78C0118D26B0400A8E68A /* RosyWriterViewController.m */,
			);
			name = Capture;
			sourceTree = "<group>";
		};
		C6204E7618CE49D3007B8986 /* UserInterface */ = {
			isa = PBXGroup;
			children = (
				C6204E2918CE4289007B8986 /* Main.storyboard */,
			);
			name = UserInterface;
			sourceTree = "<group>";
		};
		C695862218CE4E9500835E64 /* Include */ = {
			isa = PBXGroup;
			children = (
				C6174F2218CE889F00D3B06F /* VWWDefines.h */,
				C695863518CE53E700835E64 /* VWWBlocks.h */,
				C6174F2318CE8A2600D3B06F /* VWWTypes.h */,
			);
			path = Include;
			sourceTree = "<group>";
		};
		C695862418CE4F9500835E64 /* ThirdParty */ = {
			isa = PBXGroup;
			children = (
				C695862518CE4F9500835E64 /* MBProgressHUD */,
			);
			path = ThirdParty;
			sourceTree = "<group>";
		};
		C695862518CE4F9500835E64 /* MBProgressHUD */ = {
			isa = PBXGroup;
			children = (
				C695862618CE4F9500835E64 /* MBProgressHUD.h */,
				C695862718CE4F9500835E64 /* MBProgressHUD.m */,
			);
			path = MBProgressHUD;
			sourceTree = "<group>";
		};
		C695862918CE514300835E64 /* Base */ = {
			isa = PBXGroup;
			children = (
				C6204E5C18CE42F9007B8986 /* VWWCommonVideoViewController.h */,
				C6204E5D18CE42F9007B8986 /* VWWCommonVideoViewController.m */,
			);
			name = Base;
			sourceTree = "<group>";
		};
		C695863018CE530900835E64 /* Model */ = {
			isa = PBXGroup;
			children = (
				C695863418CE534700835E64 /* VWWModelProtocol.h */,
				C695863118CE530900835E64 /* VWWMotion.h */,
				C695863218CE530900835E64 /* VWWMotion.m */,
			);
			path = Model;
			sourceTree = "<group>";
		};
		C6B78BEE18D2502900A8E68A /* Video */ = {
			isa = PBXGroup;
			children = (
				C6B78BEF18D2503400A8E68A /* RosyWriterVideoProcessor.h */,
				C6B78BF018D2503400A8E68A /* RosyWriterVideoProcessor.m */,
			);
			name = Video;
			sourceTree = "<group>";
		};
		C6B78BF218D2559500A8E68A /* View */ = {
			isa = PBXGroup;
			children = (
				C6B78BF318D2559500A8E68A /* RosyWriterPreviewView.h */,
				C6B78BF418D2559500A8E68A /* RosyWriterPreviewView.m */,
			);
			path = View;
			sourceTree = "<group>";
		};
		C6B78BF918D256DD00A8E68A /* Shaders */ = {
			isa = PBXGroup;
			children = (
				C6B78BFA18D256DD00A8E68A /* passThrough.fsh */,
				C6B78BFB18D256DD00A8E68A /* passThrough.vsh */,
			);
			path = Shaders;
			sourceTree = "<group>";
		};
		CFEF644D18CEB90F000EDB82 /* SensorData */ = {
			isa = PBXGroup;
			children = (
				C695863618CE573600835E64 /* VWWDataLogController.h */,
				C695863718CE573600835E64 /* VWWDataLogController.m */,
				C695862A18CE517500835E64 /* VWWMotionController.h */,
				C695862B18CE517500835E64 /* VWWMotionController.m */,
				C695862D18CE518100835E64 /* VWWLocationController.h */,
				C695862E18CE518100835E64 /* VWWLocationController.m */,
			);
			name = SensorData;
			sourceTree = "<group>";
		};
		CFEF644E18CEB920000EDB82 /* Files */ = {
			isa = PBXGroup;
			children = (
				CFEF644F18CEB93E000EDB82 /* VWWFileController.h */,
				CFEF645018CEB93E000EDB82 /* VWWFileController.m */,
			);
			name = Files;
			sourceTree = "<group>";
		};
/* End PBXGroup section */

/* Begin PBXNativeTarget section */
		C6204E1318CE4289007B8986 /* RC Video */ = {
			isa = PBXNativeTarget;
			buildConfigurationList = C6204E4618CE4289007B8986 /* Build configuration list for PBXNativeTarget "RC Video" */;
			buildPhases = (
				C6204E1018CE4289007B8986 /* Sources */,
				C6204E1118CE4289007B8986 /* Frameworks */,
				C6204E1218CE4289007B8986 /* Resources */,
			);
			buildRules = (
			);
			dependencies = (
			);
			name = "RC Video";
			productName = "RC Video";
			productReference = C6204E1418CE4289007B8986 /* RC Video.app */;
			productType = "com.apple.product-type.application";
		};
		C6204E3418CE4289007B8986 /* RC VideoTests */ = {
			isa = PBXNativeTarget;
			buildConfigurationList = C6204E4918CE4289007B8986 /* Build configuration list for PBXNativeTarget "RC VideoTests" */;
			buildPhases = (
				C6204E3118CE4289007B8986 /* Sources */,
				C6204E3218CE4289007B8986 /* Frameworks */,
				C6204E3318CE4289007B8986 /* Resources */,
			);
			buildRules = (
			);
			dependencies = (
				C6204E3B18CE4289007B8986 /* PBXTargetDependency */,
			);
			name = "RC VideoTests";
			productName = "RC VideoTests";
			productReference = C6204E3518CE4289007B8986 /* RC VideoTests.xctest */;
			productType = "com.apple.product-type.bundle.unit-test";
		};
/* End PBXNativeTarget section */

/* Begin PBXProject section */
		C6204E0C18CE4289007B8986 /* Project object */ = {
			isa = PBXProject;
			attributes = {
				CLASSPREFIX = VWW;
				LastUpgradeCheck = 0500;
				ORGANIZATIONNAME = "Zakk Hoyt";
				TargetAttributes = {
					C6204E3418CE4289007B8986 = {
						TestTargetID = C6204E1318CE4289007B8986;
					};
				};
			};
			buildConfigurationList = C6204E0F18CE4289007B8986 /* Build configuration list for PBXProject "RC Video" */;
			compatibilityVersion = "Xcode 3.2";
			developmentRegion = English;
			hasScannedForEncodings = 0;
			knownRegions = (
				en,
				Base,
			);
			mainGroup = C6204E0B18CE4289007B8986;
			productRefGroup = C6204E1518CE4289007B8986 /* Products */;
			projectDirPath = "";
			projectRoot = "";
			targets = (
				C6204E1318CE4289007B8986 /* RC Video */,
				C6204E3418CE4289007B8986 /* RC VideoTests */,
			);
		};
/* End PBXProject section */

/* Begin PBXResourcesBuildPhase section */
		C6204E1218CE4289007B8986 /* Resources */ = {
			isa = PBXResourcesBuildPhase;
			buildActionMask = 2147483647;
			files = (
				C6B78BFD18D256DD00A8E68A /* passThrough.vsh in Resources */,
				C6204E3018CE4289007B8986 /* Images.xcassets in Resources */,
				C6204E2218CE4289007B8986 /* InfoPlist.strings in Resources */,
				C6B78BFC18D256DD00A8E68A /* passThrough.fsh in Resources */,
				C6204E2B18CE4289007B8986 /* Main.storyboard in Resources */,
			);
			runOnlyForDeploymentPostprocessing = 0;
		};
		C6204E3318CE4289007B8986 /* Resources */ = {
			isa = PBXResourcesBuildPhase;
			buildActionMask = 2147483647;
			files = (
				C6204E4118CE4289007B8986 /* InfoPlist.strings in Resources */,
			);
			runOnlyForDeploymentPostprocessing = 0;
		};
/* End PBXResourcesBuildPhase section */

/* Begin PBXSourcesBuildPhase section */
		C6204E1018CE4289007B8986 /* Sources */ = {
			isa = PBXSourcesBuildPhase;
			buildActionMask = 2147483647;
			files = (
				C6204E6C18CE4370007B8986 /* VWWUserDefaults.m in Sources */,
				C6204E7018CE46F2007B8986 /* VWWDefaultTableViewController.m in Sources */,
				C6204E2418CE4289007B8986 /* main.m in Sources */,
				C6204E6018CE42F9007B8986 /* VWWAddBorderViewController.m in Sources */,
				C695863B18CE5E9900835E64 /* VWWEditVideoTableViewController.m in Sources */,
				C6204E2818CE4289007B8986 /* VWWAppDelegate.m in Sources */,
				CFEF645118CEB93E000EDB82 /* VWWFileController.m in Sources */,
				C6B78BF818D256A300A8E68A /* ShaderUtilities.c in Sources */,
				C6204E6D18CE4370007B8986 /* NSTimer+Blocks.m in Sources */,
				C6B78BF118D2503400A8E68A /* RosyWriterVideoProcessor.m in Sources */,
				C695862C18CE517500835E64 /* VWWMotionController.m in Sources */,
				C6204E5F18CE42F9007B8986 /* VWWAddAnimationViewController.m in Sources */,
				C6B78BF518D2559500A8E68A /* RosyWriterPreviewView.m in Sources */,
				C6204E6218CE42F9007B8986 /* VWWAddSubtitleViewController.m in Sources */,
				C6B78C0218D26B0400A8E68A /* RosyWriterViewController.m in Sources */,
				C6204E6118CE42F9007B8986 /* VWWAddOverlayViewController.m in Sources */,
				C695862818CE4F9500835E64 /* MBProgressHUD.m in Sources */,
				C695863318CE530900835E64 /* VWWMotion.m in Sources */,
				C695863818CE573600835E64 /* VWWDataLogController.m in Sources */,
				C6204E7418CE4992007B8986 /* VWWCaptureVideoViewController.m in Sources */,
				C6174F2118CE887900D3B06F /* VWWUtilities.m in Sources */,
				C6204E6418CE42F9007B8986 /* VWWCommonVideoViewController.m in Sources */,
				C6204E6318CE42F9007B8986 /* VWWAddTiltViewController.m in Sources */,
				C695862F18CE518100835E64 /* VWWLocationController.m in Sources */,
			);
			runOnlyForDeploymentPostprocessing = 0;
		};
		C6204E3118CE4289007B8986 /* Sources */ = {
			isa = PBXSourcesBuildPhase;
			buildActionMask = 2147483647;
			files = (
				C6204E4318CE4289007B8986 /* RC_VideoTests.m in Sources */,
			);
			runOnlyForDeploymentPostprocessing = 0;
		};
/* End PBXSourcesBuildPhase section */

/* Begin PBXTargetDependency section */
		C6204E3B18CE4289007B8986 /* PBXTargetDependency */ = {
			isa = PBXTargetDependency;
			target = C6204E1318CE4289007B8986 /* RC Video */;
			targetProxy = C6204E3A18CE4289007B8986 /* PBXContainerItemProxy */;
		};
/* End PBXTargetDependency section */

/* Begin PBXVariantGroup section */
		C6204E2018CE4289007B8986 /* InfoPlist.strings */ = {
			isa = PBXVariantGroup;
			children = (
				C6204E2118CE4289007B8986 /* en */,
			);
			name = InfoPlist.strings;
			sourceTree = "<group>";
		};
		C6204E2918CE4289007B8986 /* Main.storyboard */ = {
			isa = PBXVariantGroup;
			children = (
				C6204E2A18CE4289007B8986 /* Base */,
			);
			name = Main.storyboard;
			sourceTree = "<group>";
		};
		C6204E3F18CE4289007B8986 /* InfoPlist.strings */ = {
			isa = PBXVariantGroup;
			children = (
				C6204E4018CE4289007B8986 /* en */,
			);
			name = InfoPlist.strings;
			sourceTree = "<group>";
		};
/* End PBXVariantGroup section */

/* Begin XCBuildConfiguration section */
		C6204E4418CE4289007B8986 /* Debug */ = {
			isa = XCBuildConfiguration;
			buildSettings = {
				ALWAYS_SEARCH_USER_PATHS = NO;
				ARCHS = "$(ARCHS_STANDARD_INCLUDING_64_BIT)";
				CLANG_CXX_LANGUAGE_STANDARD = "gnu++0x";
				CLANG_CXX_LIBRARY = "libc++";
				CLANG_ENABLE_MODULES = YES;
				CLANG_ENABLE_OBJC_ARC = YES;
				CLANG_WARN_BOOL_CONVERSION = YES;
				CLANG_WARN_CONSTANT_CONVERSION = YES;
				CLANG_WARN_DIRECT_OBJC_ISA_USAGE = YES_ERROR;
				CLANG_WARN_EMPTY_BODY = YES;
				CLANG_WARN_ENUM_CONVERSION = YES;
				CLANG_WARN_INT_CONVERSION = YES;
				CLANG_WARN_OBJC_ROOT_CLASS = YES_ERROR;
				CLANG_WARN__DUPLICATE_METHOD_MATCH = YES;
				"CODE_SIGN_IDENTITY[sdk=iphoneos*]" = "iPhone Developer";
				COPY_PHASE_STRIP = NO;
				GCC_C_LANGUAGE_STANDARD = gnu99;
				GCC_DYNAMIC_NO_PIC = NO;
				GCC_OPTIMIZATION_LEVEL = 0;
				GCC_PREPROCESSOR_DEFINITIONS = (
					"DEBUG=1",
					"$(inherited)",
				);
				GCC_SYMBOLS_PRIVATE_EXTERN = NO;
				GCC_WARN_64_TO_32_BIT_CONVERSION = YES;
				GCC_WARN_ABOUT_RETURN_TYPE = YES_ERROR;
				GCC_WARN_UNDECLARED_SELECTOR = YES;
				GCC_WARN_UNINITIALIZED_AUTOS = YES;
				GCC_WARN_UNUSED_FUNCTION = YES;
				GCC_WARN_UNUSED_VARIABLE = YES;
				IPHONEOS_DEPLOYMENT_TARGET = 7.0;
				ONLY_ACTIVE_ARCH = YES;
				SDKROOT = iphoneos;
			};
			name = Debug;
		};
		C6204E4518CE4289007B8986 /* Release */ = {
			isa = XCBuildConfiguration;
			buildSettings = {
				ALWAYS_SEARCH_USER_PATHS = NO;
				ARCHS = "$(ARCHS_STANDARD_INCLUDING_64_BIT)";
				CLANG_CXX_LANGUAGE_STANDARD = "gnu++0x";
				CLANG_CXX_LIBRARY = "libc++";
				CLANG_ENABLE_MODULES = YES;
				CLANG_ENABLE_OBJC_ARC = YES;
				CLANG_WARN_BOOL_CONVERSION = YES;
				CLANG_WARN_CONSTANT_CONVERSION = YES;
				CLANG_WARN_DIRECT_OBJC_ISA_USAGE = YES_ERROR;
				CLANG_WARN_EMPTY_BODY = YES;
				CLANG_WARN_ENUM_CONVERSION = YES;
				CLANG_WARN_INT_CONVERSION = YES;
				CLANG_WARN_OBJC_ROOT_CLASS = YES_ERROR;
				CLANG_WARN__DUPLICATE_METHOD_MATCH = YES;
				"CODE_SIGN_IDENTITY[sdk=iphoneos*]" = "iPhone Developer";
				COPY_PHASE_STRIP = YES;
				ENABLE_NS_ASSERTIONS = NO;
				GCC_C_LANGUAGE_STANDARD = gnu99;
				GCC_WARN_64_TO_32_BIT_CONVERSION = YES;
				GCC_WARN_ABOUT_RETURN_TYPE = YES_ERROR;
				GCC_WARN_UNDECLARED_SELECTOR = YES;
				GCC_WARN_UNINITIALIZED_AUTOS = YES;
				GCC_WARN_UNUSED_FUNCTION = YES;
				GCC_WARN_UNUSED_VARIABLE = YES;
				IPHONEOS_DEPLOYMENT_TARGET = 7.0;
				SDKROOT = iphoneos;
				VALIDATE_PRODUCT = YES;
			};
			name = Release;
		};
		C6204E4718CE4289007B8986 /* Debug */ = {
			isa = XCBuildConfiguration;
			buildSettings = {
				ASSETCATALOG_COMPILER_APPICON_NAME = AppIcon;
				ASSETCATALOG_COMPILER_LAUNCHIMAGE_NAME = LaunchImage;
				GCC_PRECOMPILE_PREFIX_HEADER = YES;
				GCC_PREFIX_HEADER = "RC Video/RC Video-Prefix.pch";
				INFOPLIST_FILE = "RC Video/RC Video-Info.plist";
				PRODUCT_NAME = "$(TARGET_NAME)";
				WRAPPER_EXTENSION = app;
			};
			name = Debug;
		};
		C6204E4818CE4289007B8986 /* Release */ = {
			isa = XCBuildConfiguration;
			buildSettings = {
				ASSETCATALOG_COMPILER_APPICON_NAME = AppIcon;
				ASSETCATALOG_COMPILER_LAUNCHIMAGE_NAME = LaunchImage;
				GCC_PRECOMPILE_PREFIX_HEADER = YES;
				GCC_PREFIX_HEADER = "RC Video/RC Video-Prefix.pch";
				INFOPLIST_FILE = "RC Video/RC Video-Info.plist";
				PRODUCT_NAME = "$(TARGET_NAME)";
				WRAPPER_EXTENSION = app;
			};
			name = Release;
		};
		C6204E4A18CE4289007B8986 /* Debug */ = {
			isa = XCBuildConfiguration;
			buildSettings = {
				ARCHS = "$(ARCHS_STANDARD_INCLUDING_64_BIT)";
				BUNDLE_LOADER = "$(BUILT_PRODUCTS_DIR)/RC Video.app/RC Video";
				FRAMEWORK_SEARCH_PATHS = (
					"$(SDKROOT)/Developer/Library/Frameworks",
					"$(inherited)",
					"$(DEVELOPER_FRAMEWORKS_DIR)",
				);
				GCC_PRECOMPILE_PREFIX_HEADER = YES;
				GCC_PREFIX_HEADER = "RC Video/RC Video-Prefix.pch";
				GCC_PREPROCESSOR_DEFINITIONS = (
					"DEBUG=1",
					"$(inherited)",
				);
				INFOPLIST_FILE = "RC VideoTests/RC VideoTests-Info.plist";
				PRODUCT_NAME = "$(TARGET_NAME)";
				TEST_HOST = "$(BUNDLE_LOADER)";
				WRAPPER_EXTENSION = xctest;
			};
			name = Debug;
		};
		C6204E4B18CE4289007B8986 /* Release */ = {
			isa = XCBuildConfiguration;
			buildSettings = {
				ARCHS = "$(ARCHS_STANDARD_INCLUDING_64_BIT)";
				BUNDLE_LOADER = "$(BUILT_PRODUCTS_DIR)/RC Video.app/RC Video";
				FRAMEWORK_SEARCH_PATHS = (
					"$(SDKROOT)/Developer/Library/Frameworks",
					"$(inherited)",
					"$(DEVELOPER_FRAMEWORKS_DIR)",
				);
				GCC_PRECOMPILE_PREFIX_HEADER = YES;
				GCC_PREFIX_HEADER = "RC Video/RC Video-Prefix.pch";
				INFOPLIST_FILE = "RC VideoTests/RC VideoTests-Info.plist";
				PRODUCT_NAME = "$(TARGET_NAME)";
				TEST_HOST = "$(BUNDLE_LOADER)";
				WRAPPER_EXTENSION = xctest;
			};
			name = Release;
		};
/* End XCBuildConfiguration section */

/* Begin XCConfigurationList section */
		C6204E0F18CE4289007B8986 /* Build configuration list for PBXProject "RC Video" */ = {
			isa = XCConfigurationList;
			buildConfigurations = (
				C6204E4418CE4289007B8986 /* Debug */,
				C6204E4518CE4289007B8986 /* Release */,
			);
			defaultConfigurationIsVisible = 0;
			defaultConfigurationName = Release;
		};
		C6204E4618CE4289007B8986 /* Build configuration list for PBXNativeTarget "RC Video" */ = {
			isa = XCConfigurationList;
			buildConfigurations = (
				C6204E4718CE4289007B8986 /* Debug */,
				C6204E4818CE4289007B8986 /* Release */,
			);
			defaultConfigurationIsVisible = 0;
			defaultConfigurationName = Release;
		};
		C6204E4918CE4289007B8986 /* Build configuration list for PBXNativeTarget "RC VideoTests" */ = {
			isa = XCConfigurationList;
			buildConfigurations = (
				C6204E4A18CE4289007B8986 /* Debug */,
				C6204E4B18CE4289007B8986 /* Release */,
			);
			defaultConfigurationIsVisible = 0;
			defaultConfigurationName = Release;
		};
/* End XCConfigurationList section */
	};
	rootObject = C6204E0C18CE4289007B8986 /* Project object */;
}
